
Microsoft Visual Studio Solution File, Format Version 12.00
# Visual Studio 15
VisualStudioVersion = 15.0.27004.2005
MinimumVisualStudioVersion = 10.0.40219.1
Project("{FAE04EC0-301F-11D3-BF4B-00C04F79EFBC}") = "QuickSearch", "QuickSearch\QuickSearch.csproj", "{A9D5C6F0-42DC-40BE-882F-FB06B5A9E916}"
EndProject
Global
	GlobalSection(SolutionConfigurationPlatforms) = preSolution
		Debug|Any CPU = Debug|Any CPU
		Release|Any CPU = Release|Any CPU
	EndGlobalSection
	GlobalSection(ProjectConfigurationPlatforms) = postSolution
		{A9D5C6F0-42DC-40BE-882F-FB06B5A9E916}.Debug|Any CPU.ActiveCfg = Debug|Any CPU
		{A9D5C6F0-42DC-40BE-882F-FB06B5A9E916}.Debug|Any CPU.Build.0 = Debug|Any CPU
		{A9D5C6F0-42DC-40BE-882F-FB06B5A9E916}.Release|Any CPU.ActiveCfg = Release|Any CPU
		{A9D5C6F0-42DC-40BE-882F-FB06B5A9E916}.Release|Any CPU.Build.0 = Release|Any CPU
	EndGlobalSection
	GlobalSection(SolutionProperties) = preSolution
		HideSolutionNode = FALSE
	EndGlobalSection
	GlobalSection(ExtensibilityGlobals) = postSolution
		SolutionGuid = {2D21AF6B-98B4-49E7-A467-EEEEDF3B2009}
	EndGlobalSection
EndGlobal
